
Microsoft Visual Studio Solution File, Format Version 12.00
# Visual Studio 15
VisualStudioVersion = 15.0.28307.705
MinimumVisualStudioVersion = 10.0.40219.1
Project("{FAE04EC0-301F-11D3-BF4B-00C04F79EFBC}") = "WebApi", "WebApi\WebApi.csproj", "{26E31989-D3DF-4AC7-9959-D25FE80D4C1A}"
EndProject
Global
	GlobalSection(SolutionConfigurationPlatforms) = preSolution
		Debug|Any CPU = Debug|Any CPU
		Release|Any CPU = Release|Any CPU
	EndGlobalSection
	GlobalSection(ProjectConfigurationPlatforms) = postSolution
		{26E31989-D3DF-4AC7-9959-D25FE80D4C1A}.Debug|Any CPU.ActiveCfg = Debug|Any CPU
		{26E31989-D3DF-4AC7-9959-D25FE80D4C1A}.Debug|Any CPU.Build.0 = Debug|Any CPU
		{26E31989-D3DF-4AC7-9959-D25FE80D4C1A}.Release|Any CPU.ActiveCfg = Release|Any CPU
		{26E31989-D3DF-4AC7-9959-D25FE80D4C1A}.Release|Any CPU.Build.0 = Release|Any CPU
	EndGlobalSection
	GlobalSection(SolutionProperties) = preSolution
		HideSolutionNode = FALSE
	EndGlobalSection
	GlobalSection(ExtensibilityGlobals) = postSolution
		SolutionGuid = {D1692250-EA95-4FF0-8954-68EECD1338B7}
	EndGlobalSection
EndGlobal
